
Microsoft Visual Studio Solution File, Format Version 12.00
# Visual Studio Version 17
VisualStudioVersion = 17.0.31903.59
MinimumVisualStudioVersion = 10.0.40219.1
Project("{FAE04EC0-301F-11D3-BF4B-00C04F79EFBC}") = "M2.SharedKernel", "M2.SharedKernel\M2.SharedKernel.csproj", "{E46A3D01-E41F-4581-BE83-BD481E3A51BE}"
EndProject
Project("{FAE04EC0-301F-11D3-BF4B-00C04F79EFBC}") = "M2.Domain", "M2.Domain\M2.Domain.csproj", "{E81B5BBB-B6F4-4222-990E-C351E92EC3D7}"
EndProject
Project("{FAE04EC0-301F-11D3-BF4B-00C04F79EFBC}") = "M2.Infrastructure", "M2.Infrastructure\M2.Infrastructure.csproj", "{573417A6-C056-4904-BFD9-B85B037243B7}"
EndProject
Project("{FAE04EC0-301F-11D3-BF4B-00C04F79EFBC}") = "M2.SapConnector", "M2.SapConnector\M2.SapConnector.csproj", "{A6BEB13E-B000-4E39-A574-7B00464CDB2B}"
EndProject
Project("{FAE04EC0-301F-11D3-BF4B-00C04F79EFBC}") = "M2.MekaPosBff", "M2.MekaPosBff\M2.MekaPosBff.csproj", "{6DE0ED15-A28A-4B4D-B240-B39607D23C7B}"
EndProject
Project("{FAE04EC0-301F-11D3-BF4B-00C04F79EFBC}") = "M2.MekaPromosBff", "M2.MekaPromosBff\M2.MekaPromosBff.csproj", "{55AB5272-6ADD-4DC6-B76E-FD3E6736B4A5}"
EndProject
Project("{FAE04EC0-301F-11D3-BF4B-00C04F79EFBC}") = "M2.M2PortalBff", "M2.M2PortalBff\M2.M2PortalBff.csproj", "{D6D30A8E-6CB5-48A0-9458-6D9744EC6B77}"
EndProject
Project("{FAE04EC0-301F-11D3-BF4B-00C04F79EFBC}") = "M2.Tests.Unit", "..\tests\M2.Tests.Unit\M2.Tests.Unit.csproj", "{22A9BA64-FC96-4D5F-8526-838270ED4999}"
EndProject
Project("{FAE04EC0-301F-11D3-BF4B-00C04F79EFBC}") = "M2.Tests.Integration", "..\tests\M2.Tests.Integration\M2.Tests.Integration.csproj", "{D1487F05-81A6-472C-BF9E-C55E28FA7427}"
EndProject
Project("{FAE04EC0-301F-11D3-BF4B-00C04F79EFBC}") = "M2.Platform.Api", "M2.Platform.Api\M2.Platform.Api.csproj", "{D90E7A6D-EB5E-48D8-A9AB-4A2944640E87}"
EndProject
Global
	GlobalSection(SolutionConfigurationPlatforms) = preSolution
		Debug|Any CPU = Debug|Any CPU
		Debug|x64 = Debug|x64
		Debug|x86 = Debug|x86
		Release|Any CPU = Release|Any CPU
		Release|x64 = Release|x64
		Release|x86 = Release|x86
	EndGlobalSection
	GlobalSection(ProjectConfigurationPlatforms) = postSolution
		{E46A3D01-E41F-4581-BE83-BD481E3A51BE}.Debug|Any CPU.ActiveCfg = Debug|Any CPU
		{E46A3D01-E41F-4581-BE83-BD481E3A51BE}.Debug|Any CPU.Build.0 = Debug|Any CPU
		{E46A3D01-E41F-4581-BE83-BD481E3A51BE}.Debug|x64.ActiveCfg = Debug|Any CPU
		{E46A3D01-E41F-4581-BE83-BD481E3A51BE}.Debug|x64.Build.0 = Debug|Any CPU
		{E46A3D01-E41F-4581-BE83-BD481E3A51BE}.Debug|x86.ActiveCfg = Debug|Any CPU
		{E46A3D01-E41F-4581-BE83-BD481E3A51BE}.Debug|x86.Build.0 = Debug|Any CPU
		{E46A3D01-E41F-4581-BE83-BD481E3A51BE}.Release|Any CPU.ActiveCfg = Release|Any CPU
		{E46A3D01-E41F-4581-BE83-BD481E3A51BE}.Release|Any CPU.Build.0 = Release|Any CPU
		{E46A3D01-E41F-4581-BE83-BD481E3A51BE}.Release|x64.ActiveCfg = Release|Any CPU
		{E46A3D01-E41F-4581-BE83-BD481E3A51BE}.Release|x64.Build.0 = Release|Any CPU
		{E46A3D01-E41F-4581-BE83-BD481E3A51BE}.Release|x86.ActiveCfg = Release|Any CPU
		{E46A3D01-E41F-4581-BE83-BD481E3A51BE}.Release|x86.Build.0 = Release|Any CPU
		{E81B5BBB-B6F4-4222-990E-C351E92EC3D7}.Debug|Any CPU.ActiveCfg = Debug|Any CPU
		{E81B5BBB-B6F4-4222-990E-C351E92EC3D7}.Debug|Any CPU.Build.0 = Debug|Any CPU
		{E81B5BBB-B6F4-4222-990E-C351E92EC3D7}.Debug|x64.ActiveCfg = Debug|Any CPU
		{E81B5BBB-B6F4-4222-990E-C351E92EC3D7}.Debug|x64.Build.0 = Debug|Any CPU
		{E81B5BBB-B6F4-4222-990E-C351E92EC3D7}.Debug|x86.ActiveCfg = Debug|Any CPU
		{E81B5BBB-B6F4-4222-990E-C351E92EC3D7}.Debug|x86.Build.0 = Debug|Any CPU
		{E81B5BBB-B6F4-4222-990E-C351E92EC3D7}.Release|Any CPU.ActiveCfg = Release|Any CPU
		{E81B5BBB-B6F4-4222-990E-C351E92EC3D7}.Release|Any CPU.Build.0 = Release|Any CPU
		{E81B5BBB-B6F4-4222-990E-C351E92EC3D7}.Release|x64.ActiveCfg = Release|Any CPU
		{E81B5BBB-B6F4-4222-990E-C351E92EC3D7}.Release|x64.Build.0 = Release|Any CPU
		{E81B5BBB-B6F4-4222-990E-C351E92EC3D7}.Release|x86.ActiveCfg = Release|Any CPU
		{E81B5BBB-B6F4-4222-990E-C351E92EC3D7}.Release|x86.Build.0 = Release|Any CPU
		{573417A6-C056-4904-BFD9-B85B037243B7}.Debug|Any CPU.ActiveCfg = Debug|Any CPU
		{573417A6-C056-4904-BFD9-B85B037243B7}.Debug|Any CPU.Build.0 = Debug|Any CPU
		{573417A6-C056-4904-BFD9-B85B037243B7}.Debug|x64.ActiveCfg = Debug|Any CPU
		{573417A6-C056-4904-BFD9-B85B037243B7}.Debug|x64.Build.0 = Debug|Any CPU
		{573417A6-C056-4904-BFD9-B85B037243B7}.Debug|x86.ActiveCfg = Debug|Any CPU
		{573417A6-C056-4904-BFD9-B85B037243B7}.Debug|x86.Build.0 = Debug|Any CPU
		{573417A6-C056-4904-BFD9-B85B037243B7}.Release|Any CPU.ActiveCfg = Release|Any CPU
		{573417A6-C056-4904-BFD9-B85B037243B7}.Release|Any CPU.Build.0 = Release|Any CPU
		{573417A6-C056-4904-BFD9-B85B037243B7}.Release|x64.ActiveCfg = Release|Any CPU
		{573417A6-C056-4904-BFD9-B85B037243B7}.Release|x64.Build.0 = Release|Any CPU
		{573417A6-C056-4904-BFD9-B85B037243B7}.Release|x86.ActiveCfg = Release|Any CPU
		{573417A6-C056-4904-BFD9-B85B037243B7}.Release|x86.Build.0 = Release|Any CPU
		{A6BEB13E-B000-4E39-A574-7B00464CDB2B}.Debug|Any CPU.ActiveCfg = Debug|Any CPU
		{A6BEB13E-B000-4E39-A574-7B00464CDB2B}.Debug|Any CPU.Build.0 = Debug|Any CPU
		{A6BEB13E-B000-4E39-A574-7B00464CDB2B}.Debug|x64.ActiveCfg = Debug|Any CPU
		{A6BEB13E-B000-4E39-A574-7B00464CDB2B}.Debug|x64.Build.0 = Debug|Any CPU
		{A6BEB13E-B000-4E39-A574-7B00464CDB2B}.Debug|x86.ActiveCfg = Debug|Any CPU
		{A6BEB13E-B000-4E39-A574-7B00464CDB2B}.Debug|x86.Build.0 = Debug|Any CPU
		{A6BEB13E-B000-4E39-A574-7B00464CDB2B}.Release|Any CPU.ActiveCfg = Release|Any CPU
		{A6BEB13E-B000-4E39-A574-7B00464CDB2B}.Release|Any CPU.Build.0 = Release|Any CPU
		{A6BEB13E-B000-4E39-A574-7B00464CDB2B}.Release|x64.ActiveCfg = Release|Any CPU
		{A6BEB13E-B000-4E39-A574-7B00464CDB2B}.Release|x64.Build.0 = Release|Any CPU
		{A6BEB13E-B000-4E39-A574-7B00464CDB2B}.Release|x86.ActiveCfg = Release|Any CPU
		{A6BEB13E-B000-4E39-A574-7B00464CDB2B}.Release|x86.Build.0 = Release|Any CPU
		{6DE0ED15-A28A-4B4D-B240-B39607D23C7B}.Debug|Any CPU.ActiveCfg = Debug|Any CPU
		{6DE0ED15-A28A-4B4D-B240-B39607D23C7B}.Debug|Any CPU.Build.0 = Debug|Any CPU
		{6DE0ED15-A28A-4B4D-B240-B39607D23C7B}.Debug|x64.ActiveCfg = Debug|Any CPU
		{6DE0ED15-A28A-4B4D-B240-B39607D23C7B}.Debug|x64.Build.0 = Debug|Any CPU
		{6DE0ED15-A28A-4B4D-B240-B39607D23C7B}.Debug|x86.ActiveCfg = Debug|Any CPU
		{6DE0ED15-A28A-4B4D-B240-B39607D23C7B}.Debug|x86.Build.0 = Debug|Any CPU
		{6DE0ED15-A28A-4B4D-B240-B39607D23C7B}.Release|Any CPU.ActiveCfg = Release|Any CPU
		{6DE0ED15-A28A-4B4D-B240-B39607D23C7B}.Release|Any CPU.Build.0 = Release|Any CPU
		{6DE0ED15-A28A-4B4D-B240-B39607D23C7B}.Release|x64.ActiveCfg = Release|Any CPU
		{6DE0ED15-A28A-4B4D-B240-B39607D23C7B}.Release|x64.Build.0 = Release|Any CPU
		{6DE0ED15-A28A-4B4D-B240-B39607D23C7B}.Release|x86.ActiveCfg = Release|Any CPU
		{6DE0ED15-A28A-4B4D-B240-B39607D23C7B}.Release|x86.Build.0 = Release|Any CPU
		{55AB5272-6ADD-4DC6-B76E-FD3E6736B4A5}.Debug|Any CPU.ActiveCfg = Debug|Any CPU
		{55AB5272-6ADD-4DC6-B76E-FD3E6736B4A5}.Debug|Any CPU.Build.0 = Debug|Any CPU
		{55AB5272-6ADD-4DC6-B76E-FD3E6736B4A5}.Debug|x64.ActiveCfg = Debug|Any CPU
		{55AB5272-6ADD-4DC6-B76E-FD3E6736B4A5}.Debug|x64.Build.0 = Debug|Any CPU
		{55AB5272-6ADD-4DC6-B76E-FD3E6736B4A5}.Debug|x86.ActiveCfg = Debug|Any CPU
		{55AB5272-6ADD-4DC6-B76E-FD3E6736B4A5}.Debug|x86.Build.0 = Debug|Any CPU
		{55AB5272-6ADD-4DC6-B76E-FD3E6736B4A5}.Release|Any CPU.ActiveCfg = Release|Any CPU
		{55AB5272-6ADD-4DC6-B76E-FD3E6736B4A5}.Release|Any CPU.Build.0 = Release|Any CPU
		{55AB5272-6ADD-4DC6-B76E-FD3E6736B4A5}.Release|x64.ActiveCfg = Release|Any CPU
		{55AB5272-6ADD-4DC6-B76E-FD3E6736B4A5}.Release|x64.Build.0 = Release|Any CPU
		{55AB5272-6ADD-4DC6-B76E-FD3E6736B4A5}.Release|x86.ActiveCfg = Release|Any CPU
		{55AB5272-6ADD-4DC6-B76E-FD3E6736B4A5}.Release|x86.Build.0 = Release|Any CPU
		{D6D30A8E-6CB5-48A0-9458-6D9744EC6B77}.Debug|Any CPU.ActiveCfg = Debug|Any CPU
		{D6D30A8E-6CB5-48A0-9458-6D9744EC6B77}.Debug|Any CPU.Build.0 = Debug|Any CPU
		{D6D30A8E-6CB5-48A0-9458-6D9744EC6B77}.Debug|x64.ActiveCfg = Debug|Any CPU
		{D6D30A8E-6CB5-48A0-9458-6D9744EC6B77}.Debug|x64.Build.0 = Debug|Any CPU
		{D6D30A8E-6CB5-48A0-9458-6D9744EC6B77}.Debug|x86.ActiveCfg = Debug|Any CPU
		{D6D30A8E-6CB5-48A0-9458-6D9744EC6B77}.Debug|x86.Build.0 = Debug|Any CPU
		{D6D30A8E-6CB5-48A0-9458-6D9744EC6B77}.Release|Any CPU.ActiveCfg = Release|Any CPU
		{D6D30A8E-6CB5-48A0-9458-6D9744EC6B77}.Release|Any CPU.Build.0 = Release|Any CPU
		{D6D30A8E-6CB5-48A0-9458-6D9744EC6B77}.Release|x64.ActiveCfg = Release|Any CPU
		{D6D30A8E-6CB5-48A0-9458-6D9744EC6B77}.Release|x64.Build.0 = Release|Any CPU
		{D6D30A8E-6CB5-48A0-9458-6D9744EC6B77}.Release|x86.ActiveCfg = Release|Any CPU
		{D6D30A8E-6CB5-48A0-9458-6D9744EC6B77}.Release|x86.Build.0 = Release|Any CPU
		{22A9BA64-FC96-4D5F-8526-838270ED4999}.Debug|Any CPU.ActiveCfg = Debug|Any CPU
		{22A9BA64-FC96-4D5F-8526-838270ED4999}.Debug|Any CPU.Build.0 = Debug|Any CPU
		{22A9BA64-FC96-4D5F-8526-838270ED4999}.Debug|x64.ActiveCfg = Debug|Any CPU
		{22A9BA64-FC96-4D5F-8526-838270ED4999}.Debug|x64.Build.0 = Debug|Any CPU
		{22A9BA64-FC96-4D5F-8526-838270ED4999}.Debug|x86.ActiveCfg = Debug|Any CPU
		{22A9BA64-FC96-4D5F-8526-838270ED4999}.Debug|x86.Build.0 = Debug|Any CPU
		{22A9BA64-FC96-4D5F-8526-838270ED4999}.Release|Any CPU.ActiveCfg = Release|Any CPU
		{22A9BA64-FC96-4D5F-8526-838270ED4999}.Release|Any CPU.Build.0 = Release|Any CPU
		{22A9BA64-FC96-4D5F-8526-838270ED4999}.Release|x64.ActiveCfg = Release|Any CPU
		{22A9BA64-FC96-4D5F-8526-838270ED4999}.Release|x64.Build.0 = Release|Any CPU
		{22A9BA64-FC96-4D5F-8526-838270ED4999}.Release|x86.ActiveCfg = Release|Any CPU
		{22A9BA64-FC96-4D5F-8526-838270ED4999}.Release|x86.Build.0 = Release|Any CPU
		{D1487F05-81A6-472C-BF9E-C55E28FA7427}.Debug|Any CPU.ActiveCfg = Debug|Any CPU
		{D1487F05-81A6-472C-BF9E-C55E28FA7427}.Debug|Any CPU.Build.0 = Debug|Any CPU
		{D1487F05-81A6-472C-BF9E-C55E28FA7427}.Debug|x64.ActiveCfg = Debug|Any CPU
		{D1487F05-81A6-472C-BF9E-C55E28FA7427}.Debug|x64.Build.0 = Debug|Any CPU
		{D1487F05-81A6-472C-BF9E-C55E28FA7427}.Debug|x86.ActiveCfg = Debug|Any CPU
		{D1487F05-81A6-472C-BF9E-C55E28FA7427}.Debug|x86.Build.0 = Debug|Any CPU
		{D1487F05-81A6-472C-BF9E-C55E28FA7427}.Release|Any CPU.ActiveCfg = Release|Any CPU
		{D1487F05-81A6-472C-BF9E-C55E28FA7427}.Release|Any CPU.Build.0 = Release|Any CPU
		{D1487F05-81A6-472C-BF9E-C55E28FA7427}.Release|x64.ActiveCfg = Release|Any CPU
		{D1487F05-81A6-472C-BF9E-C55E28FA7427}.Release|x64.Build.0 = Release|Any CPU
		{D1487F05-81A6-472C-BF9E-C55E28FA7427}.Release|x86.ActiveCfg = Release|Any CPU
		{D1487F05-81A6-472C-BF9E-C55E28FA7427}.Release|x86.Build.0 = Release|Any CPU
		{D90E7A6D-EB5E-48D8-A9AB-4A2944640E87}.Debug|Any CPU.ActiveCfg = Debug|Any CPU
		{D90E7A6D-EB5E-48D8-A9AB-4A2944640E87}.Debug|Any CPU.Build.0 = Debug|Any CPU
		{D90E7A6D-EB5E-48D8-A9AB-4A2944640E87}.Debug|x64.ActiveCfg = Debug|Any CPU
		{D90E7A6D-EB5E-48D8-A9AB-4A2944640E87}.Debug|x64.Build.0 = Debug|Any CPU
		{D90E7A6D-EB5E-48D8-A9AB-4A2944640E87}.Debug|x86.ActiveCfg = Debug|Any CPU
		{D90E7A6D-EB5E-48D8-A9AB-4A2944640E87}.Debug|x86.Build.0 = Debug|Any CPU
		{D90E7A6D-EB5E-48D8-A9AB-4A2944640E87}.Release|Any CPU.ActiveCfg = Release|Any CPU
		{D90E7A6D-EB5E-48D8-A9AB-4A2944640E87}.Release|Any CPU.Build.0 = Release|Any CPU
		{D90E7A6D-EB5E-48D8-A9AB-4A2944640E87}.Release|x64.ActiveCfg = Release|Any CPU
		{D90E7A6D-EB5E-48D8-A9AB-4A2944640E87}.Release|x64.Build.0 = Release|Any CPU
		{D90E7A6D-EB5E-48D8-A9AB-4A2944640E87}.Release|x86.ActiveCfg = Release|Any CPU
		{D90E7A6D-EB5E-48D8-A9AB-4A2944640E87}.Release|x86.Build.0 = Release|Any CPU
	EndGlobalSection
	GlobalSection(SolutionProperties) = preSolution
		HideSolutionNode = FALSE
	EndGlobalSection
EndGlobal
